<Solution>
  <Configurations>
    <Platform Name="Any CPU" />
    <Platform Name="x64" />
  </Configurations>
  <Project Path="../Norso.API.Tests.Integration/Norso.API.Tests.Integration.csproj" Id="67de3758-574e-4de3-9fb5-7331dd7830dc">
    <Platform Solution="*|x64" Project="x64" />
  </Project>
  <Project Path="Norso.API.csproj">
    <Platform Solution="*|x64" Project="x64" />
  </Project>
</Solution>
